
Microsoft Visual Studio Solution File, Format Version 12.00
# Visual Studio Version 17
VisualStudioVersion = 17.5.33530.505
MinimumVisualStudioVersion = 10.0.40219.1
Project("{FAE04EC0-301F-11D3-BF4B-00C04F79EFBC}") = "QueueAssigment", "QueueAssigment\QueueAssigment.csproj", "{87BDC2B3-19CF-40D5-A59C-0EC7F557E6FC}"
EndProject
Global
	GlobalSection(SolutionConfigurationPlatforms) = preSolution
		Debug|Any CPU = Debug|Any CPU
		Release|Any CPU = Release|Any CPU
	EndGlobalSection
	GlobalSection(ProjectConfigurationPlatforms) = postSolution
		{87BDC2B3-19CF-40D5-A59C-0EC7F557E6FC}.Debug|Any CPU.ActiveCfg = Debug|Any CPU
		{87BDC2B3-19CF-40D5-A59C-0EC7F557E6FC}.Debug|Any CPU.Build.0 = Debug|Any CPU
		{87BDC2B3-19CF-40D5-A59C-0EC7F557E6FC}.Release|Any CPU.ActiveCfg = Release|Any CPU
		{87BDC2B3-19CF-40D5-A59C-0EC7F557E6FC}.Release|Any CPU.Build.0 = Release|Any CPU
	EndGlobalSection
	GlobalSection(SolutionProperties) = preSolution
		HideSolutionNode = FALSE
	EndGlobalSection
	GlobalSection(ExtensibilityGlobals) = postSolution
		SolutionGuid = {1F8DA475-8010-4DE0-B3AA-8B282799C7A2}
	EndGlobalSection
EndGlobal
