
Microsoft Visual Studio Solution File, Format Version 12.00
# Visual Studio Version 17
VisualStudioVersion = 17.5.33530.505
MinimumVisualStudioVersion = 10.0.40219.1
Project("{FAE04EC0-301F-11D3-BF4B-00C04F79EFBC}") = "Bin Tree", "Bin Tree\Bin Tree.csproj", "{84BB664B-F639-4098-8332-09F6093DB02E}"
EndProject
Global
	GlobalSection(SolutionConfigurationPlatforms) = preSolution
		Debug|Any CPU = Debug|Any CPU
		Release|Any CPU = Release|Any CPU
	EndGlobalSection
	GlobalSection(ProjectConfigurationPlatforms) = postSolution
		{84BB664B-F639-4098-8332-09F6093DB02E}.Debug|Any CPU.ActiveCfg = Debug|Any CPU
		{84BB664B-F639-4098-8332-09F6093DB02E}.Debug|Any CPU.Build.0 = Debug|Any CPU
		{84BB664B-F639-4098-8332-09F6093DB02E}.Release|Any CPU.ActiveCfg = Release|Any CPU
		{84BB664B-F639-4098-8332-09F6093DB02E}.Release|Any CPU.Build.0 = Release|Any CPU
	EndGlobalSection
	GlobalSection(SolutionProperties) = preSolution
		HideSolutionNode = FALSE
	EndGlobalSection
	GlobalSection(ExtensibilityGlobals) = postSolution
		SolutionGuid = {1D434E74-E59F-460F-AEEC-286AEC6E7662}
	EndGlobalSection
EndGlobal
